PODS:
  - Alamofire (4.5.0)
  - AlertBar (0.3.2)
  - Braintree (4.8.4):
    - Braintree/Card (= 4.8.4)
    - Braintree/Core (= 4.8.4)
    - Braintree/PayPal (= 4.8.4)
    - Braintree/UI (= 4.8.4)
  - Braintree/Card (4.8.4):
    - Braintree/Core
  - Braintree/Core (4.8.4)
  - Braintree/PayPal (4.8.4):
    - Braintree/Core
    - Braintree/PayPalOneTouch
  - Braintree/PayPalDataCollector (4.8.4):
    - Braintree/Core
    - Braintree/PayPalUtils
  - Braintree/PayPalOneTouch (4.8.4):
    - Braintree/Core
    - Braintree/PayPalDataCollector
    - Braintree/PayPalUtils
  - Braintree/PayPalUtils (4.8.4)
  - Braintree/UI (4.8.4):
    - Braintree/Card
    - Braintree/Core
  - Braintree/UnionPay (4.8.4):
    - Braintree/Card
    - Braintree/Core
  - BraintreeDropIn (5.2.1):
    - BraintreeDropIn/DropIn (= 5.2.1)
  - BraintreeDropIn/DropIn (5.2.1):
    - Braintree/Card (~> 4.0)
    - Braintree/Core (~> 4.0)
    - Braintree/UnionPay (~> 4.0)
    - BraintreeDropIn/UIKit
  - BraintreeDropIn/UIKit (5.2.1)
  - Kingfisher (3.10.2)
  - MBProgressHUD (1.0.0)
  - SCLAlertView (0.7.0)
  - SDWebImage (4.0.0):
    - SDWebImage/Core (= 4.0.0)
  - SDWebImage/Core (4.0.0)
  - SwiftyJSON (3.1.4)

DEPENDENCIES:
  - Alamofire (~> 4.4)
  - AlertBar (~> 0.3)
  - Braintree
  - BraintreeDropIn
  - Kingfisher (~> 3.2)
  - MBProgressHUD (~> 1.0)
  - SCLAlertView (~> 0.7)
  - SDWebImage (~> 4.0)
  - SwiftyJSON (~> 3.1)

SPEC CHECKSUMS:
  Alamofire: f28cdffd29de33a7bfa022cbd63ae95a27fae140
  AlertBar: f999b218ef221cab0cd7976d7a4437fe4d0f0890
  Braintree: b14041582732676facd0b7237bc08cfdc0cbf988
  BraintreeDropIn: e9cecf2ec946f084476f007a7e91925016b77e91
  Kingfisher: 7297492bf8cec9b2e2dee3519f2219948580d98e
  MBProgressHUD: 4890f671c94e8a0f3cf959aa731e9de2f036d71a
  SCLAlertView: 8a14ffc40590c619e183eed2298b854385f30be1
  SDWebImage: 76a6348bdc74eb5a55dd08a091ef298e56b55e41
  SwiftyJSON: c2842d878f95482ffceec5709abc3d05680c0220

PODFILE CHECKSUM: 1ad4ca81fa7152df45717821af6becc91c5825bb

COCOAPODS: 1.2.0
